{
  "nodes": {
    "flake-parts": {
      "inputs": {
        "nixpkgs-lib": [
          "nixpkgs"
        ]
      },
      "locked": {
        "lastModified": 1754487366,
        "narHash": "sha256-pHYj8gUBapuUzKV/kN/tR3Zvqc7o6gdFB9XKXIp1SQ8=",
        "owner": "hercules-ci",
        "repo": "flake-parts",
        "rev": "af66ad14b28a127c5c0f3bbb298218fc63528a18",
        "type": "github"
      },
      "original": {
        "owner": "hercules-ci",
        "repo": "flake-parts",
        "type": "github"
      }
    },
    "flake-utils": {
      "inputs": {
        "systems": "systems"
      },
      "locked": {
        "lastModified": 1731533236,
        "narHash": "sha256-l0KFg5HjrsfsO/JpG+r7fRrqm12kzFHyUHqHCVpMMbI=",
        "owner": "numtide",
        "repo": "flake-utils",
        "rev": "11707dc2f618dd54ca8739b309ec4fc024de578b",
        "type": "github"
      },
      "original": {
        "owner": "numtide",
        "repo": "flake-utils",
        "type": "github"
      }
    },
    "home-manager": {
      "inputs": {
        "nixpkgs": [
          "nixpkgs"
        ]
      },
      "locked": {
        "lastModified": 1755397986,
        "narHash": "sha256-qwrF5laj6eE3Zht0wKYTmH6QzL7bdOyE2f6jd3WCO8g=",
        "owner": "nix-community",
        "repo": "home-manager",
        "rev": "8b4ac149687e8520187a66f05e9d4eafebf96522",
        "type": "github"
      },
      "original": {
        "owner": "nix-community",
        "repo": "home-manager",
        "type": "github"
      }
    },
    "illogical-impulse-dotfiles": {
      "flake": false,
      "locked": {
        "lastModified": 1755412768,
        "narHash": "sha256-UiNS7VhZIH/8dkRMhzkFIslsXPsDetjPSj1J2XMVW/U=",
        "owner": "naduki",
        "repo": "dots-hyprland",
        "rev": "140c22b4e66178a7f00312620b20d73471337f89",
        "type": "github"
      },
      "original": {
        "owner": "naduki",
        "ref": "my_nixos",
        "repo": "dots-hyprland",
        "type": "github"
      }
    },
    "nix-vscode-extensions": {
      "inputs": {
        "flake-utils": "flake-utils",
        "nixpkgs": [
          "nixpkgs"
        ]
      },
      "locked": {
        "lastModified": 1755396877,
        "narHash": "sha256-92gZRDz3zEsodraI0ZxPzZrpjSqc2qjxTW9HOflzKFw=",
        "owner": "nix-community",
        "repo": "nix-vscode-extensions",
        "rev": "0cf076c0bafbe7cbd33a3b7377ed24827674e8be",
        "type": "github"
      },
      "original": {
        "owner": "nix-community",
        "repo": "nix-vscode-extensions",
        "type": "github"
      }
    },
    "nixpkgs": {
      "locked": {
        "lastModified": 1755186698,
        "narHash": "sha256-wNO3+Ks2jZJ4nTHMuks+cxAiVBGNuEBXsT29Bz6HASo=",
        "owner": "NixOS",
        "repo": "nixpkgs",
        "rev": "fbcf476f790d8a217c3eab4e12033dc4a0f6d23c",
        "type": "github"
      },
      "original": {
        "owner": "NixOS",
        "ref": "nixos-unstable",
        "repo": "nixpkgs",
        "type": "github"
      }
    },
    "package": {
      "locked": {
        "lastModified": 1755268003,
        "narHash": "sha256-nNaeJjo861wFR0tjHDyCnHs1rbRtrMgxAKMoig9Sj/w=",
        "owner": "NixOS",
        "repo": "nixpkgs",
        "rev": "32f313e49e42f715491e1ea7b306a87c16fe0388",
        "type": "github"
      },
      "original": {
        "owner": "NixOS",
        "ref": "nixpkgs-unstable",
        "repo": "nixpkgs",
        "type": "github"
      }
    },
    "root": {
      "inputs": {
        "flake-parts": "flake-parts",
        "home-manager": "home-manager",
        "illogical-impulse-dotfiles": "illogical-impulse-dotfiles",
        "nix-vscode-extensions": "nix-vscode-extensions",
        "nixpkgs": "nixpkgs",
        "package": "package",
        "rust-overlay": "rust-overlay",
        "stable": "stable"
      }
    },
    "rust-overlay": {
      "inputs": {
        "nixpkgs": [
          "package"
        ]
      },
      "locked": {
        "lastModified": 1755398672,
        "narHash": "sha256-vC/JDQFU7IKQYDA4nQeEjyIMihP1xvMg+wUdbUIN4ow=",
        "owner": "oxalica",
        "repo": "rust-overlay",
        "rev": "8269616684bacf71cd71d33ec29514f9adb37b89",
        "type": "github"
      },
      "original": {
        "owner": "oxalica",
        "repo": "rust-overlay",
        "type": "github"
      }
    },
    "stable": {
      "locked": {
        "lastModified": 1755390894,
        "narHash": "sha256-EhQt25BpE5ykyWEIABX66CYfU6bQZJ+pko+cBdDnJlo=",
        "owner": "NixOS",
        "repo": "nixpkgs",
        "rev": "94c847a9f32b7abe9fb6a525de46ce592e7d4c73",
        "type": "github"
      },
      "original": {
        "owner": "NixOS",
        "ref": "release-25.05",
        "repo": "nixpkgs",
        "type": "github"
      }
    },
    "systems": {
      "locked": {
        "lastModified": 1681028828,
        "narHash": "sha256-Vy1rq5AaRuLzOxct8nz4T6wlgyUR7zLU309k9mBC768=",
        "owner": "nix-systems",
        "repo": "default",
        "rev": "da67096a3b9bf56a91d16901293e51ba5b49a27e",
        "type": "github"
      },
      "original": {
        "owner": "nix-systems",
        "repo": "default",
        "type": "github"
      }
    }
  },
  "root": "root",
  "version": 7
}
