{
  "nodes": {
    "flake-parts": {
      "inputs": {
        "nixpkgs-lib": [
          "nixpkgs"
        ]
      },
      "locked": {
        "lastModified": 1759362264,
        "narHash": "sha256-wfG0S7pltlYyZTM+qqlhJ7GMw2fTF4mLKCIVhLii/4M=",
        "owner": "hercules-ci",
        "repo": "flake-parts",
        "rev": "758cf7296bee11f1706a574c77d072b8a7baa881",
        "type": "github"
      },
      "original": {
        "owner": "hercules-ci",
        "repo": "flake-parts",
        "type": "github"
      }
    },
    "home-manager": {
      "inputs": {
        "nixpkgs": [
          "nixpkgs"
        ]
      },
      "locked": {
        "lastModified": 1760061988,
        "narHash": "sha256-CeuMo7fjWm3XaoK+b1PGyaVIlE1GHudoxk9jrJFvfbY=",
        "owner": "nix-community",
        "repo": "home-manager",
        "rev": "c7f4214faca2f196c551b767c12a70bfa0614510",
        "type": "github"
      },
      "original": {
        "owner": "nix-community",
        "repo": "home-manager",
        "type": "github"
      }
    },
    "illogical-impulse-dotfiles": {
      "flake": false,
      "locked": {
        "lastModified": 1760101997,
        "narHash": "sha256-/jbrlFlbDPEiUKzt/OyP+FYF7UPuKZHmIIkdMScrvYg=",
        "owner": "naduki",
        "repo": "dots-hyprland",
        "rev": "ced4a1a79120df4e0fab6ce2dedbb3cd7ef1f595",
        "type": "github"
      },
      "original": {
        "owner": "naduki",
        "ref": "mynixos",
        "repo": "dots-hyprland",
        "type": "github"
      }
    },
    "nixpkgs": {
      "locked": {
        "lastModified": 1759831965,
        "narHash": "sha256-vgPm2xjOmKdZ0xKA6yLXPJpjOtQPHfaZDRtH+47XEBo=",
        "owner": "NixOS",
        "repo": "nixpkgs",
        "rev": "c9b6fb798541223bbb396d287d16f43520250518",
        "type": "github"
      },
      "original": {
        "owner": "NixOS",
        "ref": "nixos-unstable",
        "repo": "nixpkgs",
        "type": "github"
      }
    },
    "package": {
      "locked": {
        "lastModified": 1759977445,
        "narHash": "sha256-LYr4IDfuihCkFAkSYz5//gT2r1ewcWBYgd5AxPzPLIo=",
        "owner": "NixOS",
        "repo": "nixpkgs",
        "rev": "2dad7af78a183b6c486702c18af8a9544f298377",
        "type": "github"
      },
      "original": {
        "owner": "NixOS",
        "ref": "nixpkgs-unstable",
        "repo": "nixpkgs",
        "type": "github"
      }
    },
    "quickshell": {
      "inputs": {
        "nixpkgs": [
          "nixpkgs"
        ]
      },
      "locked": {
        "lastModified": 1759997568,
        "narHash": "sha256-xQyzPkgpgjAceJKwZhLU2//Y1jAmvPGOq80svqkWFhQ=",
        "owner": "quickshell-mirror",
        "repo": "quickshell",
        "rev": "3e32ae595f97bd2d2e5ed4512fb4bb25edb4eae6",
        "type": "github"
      },
      "original": {
        "owner": "quickshell-mirror",
        "repo": "quickshell",
        "type": "github"
      }
    },
    "root": {
      "inputs": {
        "flake-parts": "flake-parts",
        "home-manager": "home-manager",
        "illogical-impulse-dotfiles": "illogical-impulse-dotfiles",
        "nixpkgs": "nixpkgs",
        "package": "package",
        "quickshell": "quickshell",
        "rust-overlay": "rust-overlay",
        "stable": "stable"
      }
    },
    "rust-overlay": {
      "inputs": {
        "nixpkgs": [
          "package"
        ]
      },
      "locked": {
        "lastModified": 1760063676,
        "narHash": "sha256-s5Fjh43skH2L+avOGioLmEHoYZffDbg3abV5h0gjeew=",
        "owner": "oxalica",
        "repo": "rust-overlay",
        "rev": "897deed0923cc5a1d560c5176abe0d172ec9716d",
        "type": "github"
      },
      "original": {
        "owner": "oxalica",
        "repo": "rust-overlay",
        "type": "github"
      }
    },
    "stable": {
      "locked": {
        "lastModified": 1760101709,
        "narHash": "sha256-IGmk7LYWzCElazaO3yXQ8mgbWF8HDEAIb5fgG3zkUbg=",
        "owner": "NixOS",
        "repo": "nixpkgs",
        "rev": "5fc4b0755c7fd3ceef3d24139753a35185049188",
        "type": "github"
      },
      "original": {
        "owner": "NixOS",
        "ref": "release-25.05",
        "repo": "nixpkgs",
        "type": "github"
      }
    }
  },
  "root": "root",
  "version": 7
}
